// !$*UTF8*$!
{
	archiveVersion = 1;
	classes = {
	};
	objectVersion = 46;
	objects = {

/* Begin PBXBuildFile section */
		526913FF1B81C7510060C60C /* main.m in Sources */ = {isa = PBXBuildFile; fileRef = 526913FE1B81C7510060C60C /* main.m */; };
		526914021B81C7510060C60C /* AppDelegate.m in Sources */ = {isa = PBXBuildFile; fileRef = 526914011B81C7510060C60C /* AppDelegate.m */; };
		526914041B81C7510060C60C /* Images.xcassets in Resources */ = {isa = PBXBuildFile; fileRef = 526914031B81C7510060C60C /* Images.xcassets */; };
		526914071B81C7510060C60C /* LaunchScreen.xib in Resources */ = {isa = PBXBuildFile; fileRef = 526914051B81C7510060C60C /* LaunchScreen.xib */; };
		526914131B81C7510060C60C /* LseesonUI_03_UIViewControllerTests.m in Sources */ = {isa = PBXBuildFile; fileRef = 526914121B81C7510060C60C /* LseesonUI_03_UIViewControllerTests.m */; };
		526914231B81CAD20060C60C /* LoginView.m in Sources */ = {isa = PBXBuildFile; fileRef = 526914201B81CAD20060C60C /* LoginView.m */; };
		526914241B81CAD20060C60C /* LTView.m in Sources */ = {isa = PBXBuildFile; fileRef = 526914221B81CAD20060C60C /* LTView.m */; };
		526914281B81CC930060C60C /* RootViewController.m in Sources */ = {isa = PBXBuildFile; fileRef = 526914271B81CC930060C60C /* RootViewController.m */; };
/* End PBXBuildFile section */

/* Begin PBXContainerItemProxy section */
		5269140D1B81C7510060C60C /* PBXContainerItemProxy */ = {
			isa = PBXContainerItemProxy;
			containerPortal = 526913F11B81C7510060C60C /* Project object */;
			proxyType = 1;
			remoteGlobalIDString = 526913F81B81C7510060C60C;
			remoteInfo = "LseesonUI-03-UIViewController";
		};
/* End PBXContainerItemProxy section */

/* Begin PBXFileReference section */
		526913F91B81C7510060C60C /* LseesonUI-03-UIViewController.app */ = {isa = PBXFileReference; explicitFileType = wrapper.application; includeInIndex = 0; path = "LseesonUI-03-UIViewController.app"; sourceTree = BUILT_PRODUCTS_DIR; };
		526913FD1B81C7510060C60C /* Info.plist */ = {isa = PBXFileReference; lastKnownFileType = text.plist.xml; path = Info.plist; sourceTree = "<group>"; };
		526913FE1B81C7510060C60C /* main.m */ = {isa = PBXFileReference; lastKnownFileType = sourcecode.c.objc; path = main.m; sourceTree = "<group>"; };
		526914001B81C7510060C60C /* AppDelegate.h */ = {isa = PBXFileReference; lastKnownFileType = sourcecode.c.h; path = AppDelegate.h; sourceTree = "<group>"; };
		526914011B81C7510060C60C /* AppDelegate.m */ = {isa = PBXFileReference; lastKnownFileType = sourcecode.c.objc; path = AppDelegate.m; sourceTree = "<group>"; };
		526914031B81C7510060C60C /* Images.xcassets */ = {isa = PBXFileReference; lastKnownFileType = folder.assetcatalog; path = Images.xcassets; sourceTree = "<group>"; };
		526914061B81C7510060C60C /* Base */ = {isa = PBXFileReference; lastKnownFileType = file.xib; name = Base; path = Base.lproj/LaunchScreen.xib; sourceTree = "<group>"; };
		5269140C1B81C7510060C60C /* LseesonUI-03-UIViewControllerTests.xctest */ = {isa = PBXFileReference; explicitFileType = wrapper.cfbundle; includeInIndex = 0; path = "LseesonUI-03-UIViewControllerTests.xctest"; sourceTree = BUILT_PRODUCTS_DIR; };
		526914111B81C7510060C60C /* Info.plist */ = {isa = PBXFileReference; lastKnownFileType = text.plist.xml; path = Info.plist; sourceTree = "<group>"; };
		526914121B81C7510060C60C /* LseesonUI_03_UIViewControllerTests.m */ = {isa = PBXFileReference; lastKnownFileType = sourcecode.c.objc; path = LseesonUI_03_UIViewControllerTests.m; sourceTree = "<group>"; };
		5269141F1B81CAD20060C60C /* LoginView.h */ = {isa = PBXFileReference; fileEncoding = 4; lastKnownFileType = sourcecode.c.h; path = LoginView.h; sourceTree = "<group>"; };
		526914201B81CAD20060C60C /* LoginView.m */ = {isa = PBXFileReference; fileEncoding = 4; lastKnownFileType = sourcecode.c.objc; path = LoginView.m; sourceTree = "<group>"; };
		526914211B81CAD20060C60C /* LTView.h */ = {isa = PBXFileReference; fileEncoding = 4; lastKnownFileType = sourcecode.c.h; path = LTView.h; sourceTree = "<group>"; };
		526914221B81CAD20060C60C /* LTView.m */ = {isa = PBXFileReference; fileEncoding = 4; lastKnownFileType = sourcecode.c.objc; path = LTView.m; sourceTree = "<group>"; };
		526914261B81CC930060C60C /* RootViewController.h */ = {isa = PBXFileReference; fileEncoding = 4; lastKnownFileType = sourcecode.c.h; path = RootViewController.h; sourceTree = "<group>"; };
		526914271B81CC930060C60C /* RootViewController.m */ = {isa = PBXFileReference; fileEncoding = 4; lastKnownFileType = sourcecode.c.objc; path = RootViewController.m; sourceTree = "<group>"; };
/* End PBXFileReference section */

/* Begin PBXFrameworksBuildPhase section */
		526913F61B81C7510060C60C /* Frameworks */ = {
			isa = PBXFrameworksBuildPhase;
			buildActionMask = 2147483647;
			files = (
			);
			runOnlyForDeploymentPostprocessing = 0;
		};
		526914091B81C7510060C60C /* Frameworks */ = {
			isa = PBXFrameworksBuildPhase;
			buildActionMask = 2147483647;
			files = (
			);
			runOnlyForDeploymentPostprocessing = 0;
		};
/* End PBXFrameworksBuildPhase section */

/* Begin PBXGroup section */
		526913F01B81C7510060C60C = {
			isa = PBXGroup;
			children = (
				526913FB1B81C7510060C60C /* LseesonUI-03-UIViewController */,
				5269140F1B81C7510060C60C /* LseesonUI-03-UIViewControllerTests */,
				526913FA1B81C7510060C60C /* Products */,
			);
			sourceTree = "<group>";
		};
		526913FA1B81C7510060C60C /* Products */ = {
			isa = PBXGroup;
			children = (
				526913F91B81C7510060C60C /* LseesonUI-03-UIViewController.app */,
				5269140C1B81C7510060C60C /* LseesonUI-03-UIViewControllerTests.xctest */,
			);
			name = Products;
			sourceTree = "<group>";
		};
		526913FB1B81C7510060C60C /* LseesonUI-03-UIViewController */ = {
			isa = PBXGroup;
			children = (
				526914001B81C7510060C60C /* AppDelegate.h */,
				526914011B81C7510060C60C /* AppDelegate.m */,
				526914261B81CC930060C60C /* RootViewController.h */,
				526914271B81CC930060C60C /* RootViewController.m */,
				526914251B81CADA0060C60C /* Model */,
				526914031B81C7510060C60C /* Images.xcassets */,
				526914051B81C7510060C60C /* LaunchScreen.xib */,
				526913FC1B81C7510060C60C /* Supporting Files */,
			);
			path = "LseesonUI-03-UIViewController";
			sourceTree = "<group>";
		};
		526913FC1B81C7510060C60C /* Supporting Files */ = {
			isa = PBXGroup;
			children = (
				526913FD1B81C7510060C60C /* Info.plist */,
				526913FE1B81C7510060C60C /* main.m */,
			);
			name = "Supporting Files";
			sourceTree = "<group>";
		};
		5269140F1B81C7510060C60C /* LseesonUI-03-UIViewControllerTests */ = {
			isa = PBXGroup;
			children = (
				526914121B81C7510060C60C /* LseesonUI_03_UIViewControllerTests.m */,
				526914101B81C7510060C60C /* Supporting Files */,
			);
			path = "LseesonUI-03-UIViewControllerTests";
			sourceTree = "<group>";
		};
		526914101B81C7510060C60C /* Supporting Files */ = {
			isa = PBXGroup;
			children = (
				526914111B81C7510060C60C /* Info.plist */,
			);
			name = "Supporting Files";
			sourceTree = "<group>";
		};
		526914251B81CADA0060C60C /* Model */ = {
			isa = PBXGroup;
			children = (
				5269141F1B81CAD20060C60C /* LoginView.h */,
				526914201B81CAD20060C60C /* LoginView.m */,
				526914211B81CAD20060C60C /* LTView.h */,
				526914221B81CAD20060C60C /* LTView.m */,
			);
			name = Model;
			sourceTree = "<group>";
		};
/* End PBXGroup section */

/* Begin PBXNativeTarget section */
		526913F81B81C7510060C60C /* LseesonUI-03-UIViewController */ = {
			isa = PBXNativeTarget;
			buildConfigurationList = 526914161B81C7510060C60C /* Build configuration list for PBXNativeTarget "LseesonUI-03-UIViewController" */;
			buildPhases = (
				526913F51B81C7510060C60C /* Sources */,
				526913F61B81C7510060C60C /* Frameworks */,
				526913F71B81C7510060C60C /* Resources */,
			);
			buildRules = (
			);
			dependencies = (
			);
			name = "LseesonUI-03-UIViewController";
			productName = "LseesonUI-03-UIViewController";
			productReference = 526913F91B81C7510060C60C /* LseesonUI-03-UIViewController.app */;
			productType = "com.apple.product-type.application";
		};
		5269140B1B81C7510060C60C /* LseesonUI-03-UIViewControllerTests */ = {
			isa = PBXNativeTarget;
			buildConfigurationList = 526914191B81C7510060C60C /* Build configuration list for PBXNativeTarget "LseesonUI-03-UIViewControllerTests" */;
			buildPhases = (
				526914081B81C7510060C60C /* Sources */,
				526914091B81C7510060C60C /* Frameworks */,
				5269140A1B81C7510060C60C /* Resources */,
			);
			buildRules = (
			);
			dependencies = (
				5269140E1B81C7510060C60C /* PBXTargetDependency */,
			);
			name = "LseesonUI-03-UIViewControllerTests";
			productName = "LseesonUI-03-UIViewControllerTests";
			productReference = 5269140C1B81C7510060C60C /* LseesonUI-03-UIViewControllerTests.xctest */;
			productType = "com.apple.product-type.bundle.unit-test";
		};
/* End PBXNativeTarget section */

/* Begin PBXProject section */
		526913F11B81C7510060C60C /* Project object */ = {
			isa = PBXProject;
			attributes = {
				LastUpgradeCheck = 0640;
				ORGANIZATIONNAME = Lafree;
				TargetAttributes = {
					526913F81B81C7510060C60C = {
						CreatedOnToolsVersion = 6.4;
					};
					5269140B1B81C7510060C60C = {
						CreatedOnToolsVersion = 6.4;
						TestTargetID = 526913F81B81C7510060C60C;
					};
				};
			};
			buildConfigurationList = 526913F41B81C7510060C60C /* Build configuration list for PBXProject "LseesonUI-03-UIViewController" */;
			compatibilityVersion = "Xcode 3.2";
			developmentRegion = English;
			hasScannedForEncodings = 0;
			knownRegions = (
				en,
				Base,
			);
			mainGroup = 526913F01B81C7510060C60C;
			productRefGroup = 526913FA1B81C7510060C60C /* Products */;
			projectDirPath = "";
			projectRoot = "";
			targets = (
				526913F81B81C7510060C60C /* LseesonUI-03-UIViewController */,
				5269140B1B81C7510060C60C /* LseesonUI-03-UIViewControllerTests */,
			);
		};
/* End PBXProject section */

/* Begin PBXResourcesBuildPhase section */
		526913F71B81C7510060C60C /* Resources */ = {
			isa = PBXResourcesBuildPhase;
			buildActionMask = 2147483647;
			files = (
				526914071B81C7510060C60C /* LaunchScreen.xib in Resources */,
				526914041B81C7510060C60C /* Images.xcassets in Resources */,
			);
			runOnlyForDeploymentPostprocessing = 0;
		};
		5269140A1B81C7510060C60C /* Resources */ = {
			isa = PBXResourcesBuildPhase;
			buildActionMask = 2147483647;
			files = (
			);
			runOnlyForDeploymentPostprocessing = 0;
		};
/* End PBXResourcesBuildPhase section */

/* Begin PBXSourcesBuildPhase section */
		526913F51B81C7510060C60C /* Sources */ = {
			isa = PBXSourcesBuildPhase;
			buildActionMask = 2147483647;
			files = (
				526914021B81C7510060C60C /* AppDelegate.m in Sources */,
				526913FF1B81C7510060C60C /* main.m in Sources */,
				526914231B81CAD20060C60C /* LoginView.m in Sources */,
				526914241B81CAD20060C60C /* LTView.m in Sources */,
				526914281B81CC930060C60C /* RootViewController.m in Sources */,
			);
			runOnlyForDeploymentPostprocessing = 0;
		};
		526914081B81C7510060C60C /* Sources */ = {
			isa = PBXSourcesBuildPhase;
			buildActionMask = 2147483647;
			files = (
				526914131B81C7510060C60C /* LseesonUI_03_UIViewControllerTests.m in Sources */,
			);
			runOnlyForDeploymentPostprocessing = 0;
		};
/* End PBXSourcesBuildPhase section */

/* Begin PBXTargetDependency section */
		5269140E1B81C7510060C60C /* PBXTargetDependency */ = {
			isa = PBXTargetDependency;
			target = 526913F81B81C7510060C60C /* LseesonUI-03-UIViewController */;
			targetProxy = 5269140D1B81C7510060C60C /* PBXContainerItemProxy */;
		};
/* End PBXTargetDependency section */

/* Begin PBXVariantGroup section */
		526914051B81C7510060C60C /* LaunchScreen.xib */ = {
			isa = PBXVariantGroup;
			children = (
				526914061B81C7510060C60C /* Base */,
			);
			name = LaunchScreen.xib;
			sourceTree = "<group>";
		};
/* End PBXVariantGroup section */

/* Begin XCBuildConfiguration section */
		526914141B81C7510060C60C /* Debug */ = {
			isa = XCBuildConfiguration;
			buildSettings = {
				ALWAYS_SEARCH_USER_PATHS = NO;
				CLANG_CXX_LANGUAGE_STANDARD = "gnu++0x";
				CLANG_CXX_LIBRARY = "libc++";
				CLANG_ENABLE_MODULES = YES;
				CLANG_ENABLE_OBJC_ARC = YES;
				CLANG_WARN_BOOL_CONVERSION = YES;
				CLANG_WARN_CONSTANT_CONVERSION = YES;
				CLANG_WARN_DIRECT_OBJC_ISA_USAGE = YES_ERROR;
				CLANG_WARN_EMPTY_BODY = YES;
				CLANG_WARN_ENUM_CONVERSION = YES;
				CLANG_WARN_INT_CONVERSION = YES;
				CLANG_WARN_OBJC_ROOT_CLASS = YES_ERROR;
				CLANG_WARN_UNREACHABLE_CODE = YES;
				CLANG_WARN__DUPLICATE_METHOD_MATCH = YES;
				"CODE_SIGN_IDENTITY[sdk=iphoneos*]" = "iPhone Developer";
				COPY_PHASE_STRIP = NO;
				DEBUG_INFORMATION_FORMAT = "dwarf-with-dsym";
				ENABLE_STRICT_OBJC_MSGSEND = YES;
				GCC_C_LANGUAGE_STANDARD = gnu99;
				GCC_DYNAMIC_NO_PIC = NO;
				GCC_NO_COMMON_BLOCKS = YES;
				GCC_OPTIMIZATION_LEVEL = 0;
				GCC_PREPROCESSOR_DEFINITIONS = (
					"DEBUG=1",
					"$(inherited)",
				);
				GCC_SYMBOLS_PRIVATE_EXTERN = NO;
				GCC_WARN_64_TO_32_BIT_CONVERSION = YES;
				GCC_WARN_ABOUT_RETURN_TYPE = YES_ERROR;
				GCC_WARN_UNDECLARED_SELECTOR = YES;
				GCC_WARN_UNINITIALIZED_AUTOS = YES_AGGRESSIVE;
				GCC_WARN_UNUSED_FUNCTION = YES;
				GCC_WARN_UNUSED_VARIABLE = YES;
				IPHONEOS_DEPLOYMENT_TARGET = 8.4;
				MTL_ENABLE_DEBUG_INFO = YES;
				ONLY_ACTIVE_ARCH = YES;
				SDKROOT = iphoneos;
			};
			name = Debug;
		};
		526914151B81C7510060C60C /* Release */ = {
			isa = XCBuildConfiguration;
			buildSettings = {
				ALWAYS_SEARCH_USER_PATHS = NO;
				CLANG_CXX_LANGUAGE_STANDARD = "gnu++0x";
				CLANG_CXX_LIBRARY = "libc++";
				CLANG_ENABLE_MODULES = YES;
				CLANG_ENABLE_OBJC_ARC = YES;
				CLANG_WARN_BOOL_CONVERSION = YES;
				CLANG_WARN_CONSTANT_CONVERSION = YES;
				CLANG_WARN_DIRECT_OBJC_ISA_USAGE = YES_ERROR;
				CLANG_WARN_EMPTY_BODY = YES;
				CLANG_WARN_ENUM_CONVERSION = YES;
				CLANG_WARN_INT_CONVERSION = YES;
				CLANG_WARN_OBJC_ROOT_CLASS = YES_ERROR;
				CLANG_WARN_UNREACHABLE_CODE = YES;
				CLANG_WARN__DUPLICATE_METHOD_MATCH = YES;
				"CODE_SIGN_IDENTITY[sdk=iphoneos*]" = "iPhone Developer";
				COPY_PHASE_STRIP = NO;
				DEBUG_INFORMATION_FORMAT = "dwarf-with-dsym";
				ENABLE_NS_ASSERTIONS = NO;
				ENABLE_STRICT_OBJC_MSGSEND = YES;
				GCC_C_LANGUAGE_STANDARD = gnu99;
				GCC_NO_COMMON_BLOCKS = YES;
				GCC_WARN_64_TO_32_BIT_CONVERSION = YES;
				GCC_WARN_ABOUT_RETURN_TYPE = YES_ERROR;
				GCC_WARN_UNDECLARED_SELECTOR = YES;
				GCC_WARN_UNINITIALIZED_AUTOS = YES_AGGRESSIVE;
				GCC_WARN_UNUSED_FUNCTION = YES;
				GCC_WARN_UNUSED_VARIABLE = YES;
				IPHONEOS_DEPLOYMENT_TARGET = 8.4;
				MTL_ENABLE_DEBUG_INFO = NO;
				SDKROOT = iphoneos;
				VALIDATE_PRODUCT = YES;
			};
			name = Release;
		};
		526914171B81C7510060C60C /* Debug */ = {
			isa = XCBuildConfiguration;
			buildSettings = {
				ASSETCATALOG_COMPILER_APPICON_NAME = AppIcon;
				CLANG_ENABLE_OBJC_ARC = NO;
				INFOPLIST_FILE = "LseesonUI-03-UIViewController/Info.plist";
				LD_RUNPATH_SEARCH_PATHS = "$(inherited) @executable_path/Frameworks";
				PRODUCT_NAME = "$(TARGET_NAME)";
			};
			name = Debug;
		};
		526914181B81C7510060C60C /* Release */ = {
			isa = XCBuildConfiguration;
			buildSettings = {
				ASSETCATALOG_COMPILER_APPICON_NAME = AppIcon;
				CLANG_ENABLE_OBJC_ARC = NO;
				INFOPLIST_FILE = "LseesonUI-03-UIViewController/Info.plist";
				LD_RUNPATH_SEARCH_PATHS = "$(inherited) @executable_path/Frameworks";
				PRODUCT_NAME = "$(TARGET_NAME)";
			};
			name = Release;
		};
		5269141A1B81C7510060C60C /* Debug */ = {
			isa = XCBuildConfiguration;
			buildSettings = {
				BUNDLE_LOADER = "$(TEST_HOST)";
				FRAMEWORK_SEARCH_PATHS = (
					"$(SDKROOT)/Developer/Library/Frameworks",
					"$(inherited)",
				);
				GCC_PREPROCESSOR_DEFINITIONS = (
					"DEBUG=1",
					"$(inherited)",
				);
				INFOPLIST_FILE = "LseesonUI-03-UIViewControllerTests/Info.plist";
				LD_RUNPATH_SEARCH_PATHS = "$(inherited) @executable_path/Frameworks @loader_path/Frameworks";
				PRODUCT_NAME = "$(TARGET_NAME)";
				TEST_HOST = "$(BUILT_PRODUCTS_DIR)/LseesonUI-03-UIViewController.app/LseesonUI-03-UIViewController";
			};
			name = Debug;
		};
		5269141B1B81C7510060C60C /* Release */ = {
			isa = XCBuildConfiguration;
			buildSettings = {
				BUNDLE_LOADER = "$(TEST_HOST)";
				FRAMEWORK_SEARCH_PATHS = (
					"$(SDKROOT)/Developer/Library/Frameworks",
					"$(inherited)",
				);
				INFOPLIST_FILE = "LseesonUI-03-UIViewControllerTests/Info.plist";
				LD_RUNPATH_SEARCH_PATHS = "$(inherited) @executable_path/Frameworks @loader_path/Frameworks";
				PRODUCT_NAME = "$(TARGET_NAME)";
				TEST_HOST = "$(BUILT_PRODUCTS_DIR)/LseesonUI-03-UIViewController.app/LseesonUI-03-UIViewController";
			};
			name = Release;
		};
/* End XCBuildConfiguration section */

/* Begin XCConfigurationList section */
		526913F41B81C7510060C60C /* Build configuration list for PBXProject "LseesonUI-03-UIViewController" */ = {
			isa = XCConfigurationList;
			buildConfigurations = (
				526914141B81C7510060C60C /* Debug */,
				526914151B81C7510060C60C /* Release */,
			);
			defaultConfigurationIsVisible = 0;
			defaultConfigurationName = Release;
		};
		526914161B81C7510060C60C /* Build configuration list for PBXNativeTarget "LseesonUI-03-UIViewController" */ = {
			isa = XCConfigurationList;
			buildConfigurations = (
				526914171B81C7510060C60C /* Debug */,
				526914181B81C7510060C60C /* Release */,
			);
			defaultConfigurationIsVisible = 0;
		};
		526914191B81C7510060C60C /* Build configuration list for PBXNativeTarget "LseesonUI-03-UIViewControllerTests" */ = {
			isa = XCConfigurationList;
			buildConfigurations = (
				5269141A1B81C7510060C60C /* Debug */,
				5269141B1B81C7510060C60C /* Release */,
			);
			defaultConfigurationIsVisible = 0;
		};
/* End XCConfigurationList section */
	};
	rootObject = 526913F11B81C7510060C60C /* Project object */;
}
