// !$*UTF8*$!
{
	archiveVersion = 1;
	classes = {
	};
	objectVersion = 46;
	objects = {

/* Begin PBXBuildFile section */
		527997F41B7D899600A264B8 /* main.m in Sources */ = {isa = PBXBuildFile; fileRef = 527997F31B7D899600A264B8 /* main.m */; };
		527997F71B7D899600A264B8 /* AppDelegate.m in Sources */ = {isa = PBXBuildFile; fileRef = 527997F61B7D899600A264B8 /* AppDelegate.m */; };
		527997F91B7D899600A264B8 /* Images.xcassets in Resources */ = {isa = PBXBuildFile; fileRef = 527997F81B7D899600A264B8 /* Images.xcassets */; };
		527997FC1B7D899600A264B8 /* LaunchScreen.xib in Resources */ = {isa = PBXBuildFile; fileRef = 527997FA1B7D899600A264B8 /* LaunchScreen.xib */; };
		527998081B7D899600A264B8 /* LessonUI_02_UITextFildAndUIButtonTests.m in Sources */ = {isa = PBXBuildFile; fileRef = 527998071B7D899600A264B8 /* LessonUI_02_UITextFildAndUIButtonTests.m */; };
/* End PBXBuildFile section */

/* Begin PBXContainerItemProxy section */
		527998021B7D899600A264B8 /* PBXContainerItemProxy */ = {
			isa = PBXContainerItemProxy;
			containerPortal = 527997E61B7D899600A264B8 /* Project object */;
			proxyType = 1;
			remoteGlobalIDString = 527997ED1B7D899600A264B8;
			remoteInfo = "LessonUI-02-UITextFildAndUIButton";
		};
/* End PBXContainerItemProxy section */

/* Begin PBXFileReference section */
		527997EE1B7D899600A264B8 /* LessonUI-02-UITextFildAndUIButton.app */ = {isa = PBXFileReference; explicitFileType = wrapper.application; includeInIndex = 0; path = "LessonUI-02-UITextFildAndUIButton.app"; sourceTree = BUILT_PRODUCTS_DIR; };
		527997F21B7D899600A264B8 /* Info.plist */ = {isa = PBXFileReference; lastKnownFileType = text.plist.xml; path = Info.plist; sourceTree = "<group>"; };
		527997F31B7D899600A264B8 /* main.m */ = {isa = PBXFileReference; lastKnownFileType = sourcecode.c.objc; path = main.m; sourceTree = "<group>"; };
		527997F51B7D899600A264B8 /* AppDelegate.h */ = {isa = PBXFileReference; lastKnownFileType = sourcecode.c.h; path = AppDelegate.h; sourceTree = "<group>"; };
		527997F61B7D899600A264B8 /* AppDelegate.m */ = {isa = PBXFileReference; lastKnownFileType = sourcecode.c.objc; path = AppDelegate.m; sourceTree = "<group>"; };
		527997F81B7D899600A264B8 /* Images.xcassets */ = {isa = PBXFileReference; lastKnownFileType = folder.assetcatalog; path = Images.xcassets; sourceTree = "<group>"; };
		527997FB1B7D899600A264B8 /* Base */ = {isa = PBXFileReference; lastKnownFileType = file.xib; name = Base; path = Base.lproj/LaunchScreen.xib; sourceTree = "<group>"; };
		527998011B7D899600A264B8 /* LessonUI-02-UITextFildAndUIButtonTests.xctest */ = {isa = PBXFileReference; explicitFileType = wrapper.cfbundle; includeInIndex = 0; path = "LessonUI-02-UITextFildAndUIButtonTests.xctest"; sourceTree = BUILT_PRODUCTS_DIR; };
		527998061B7D899600A264B8 /* Info.plist */ = {isa = PBXFileReference; lastKnownFileType = text.plist.xml; path = Info.plist; sourceTree = "<group>"; };
		527998071B7D899600A264B8 /* LessonUI_02_UITextFildAndUIButtonTests.m */ = {isa = PBXFileReference; lastKnownFileType = sourcecode.c.objc; path = LessonUI_02_UITextFildAndUIButtonTests.m; sourceTree = "<group>"; };
/* End PBXFileReference section */

/* Begin PBXFrameworksBuildPhase section */
		527997EB1B7D899600A264B8 /* Frameworks */ = {
			isa = PBXFrameworksBuildPhase;
			buildActionMask = 2147483647;
			files = (
			);
			runOnlyForDeploymentPostprocessing = 0;
		};
		527997FE1B7D899600A264B8 /* Frameworks */ = {
			isa = PBXFrameworksBuildPhase;
			buildActionMask = 2147483647;
			files = (
			);
			runOnlyForDeploymentPostprocessing = 0;
		};
/* End PBXFrameworksBuildPhase section */

/* Begin PBXGroup section */
		527997E51B7D899600A264B8 = {
			isa = PBXGroup;
			children = (
				527997F01B7D899600A264B8 /* LessonUI-02-UITextFildAndUIButton */,
				527998041B7D899600A264B8 /* LessonUI-02-UITextFildAndUIButtonTests */,
				527997EF1B7D899600A264B8 /* Products */,
			);
			sourceTree = "<group>";
		};
		527997EF1B7D899600A264B8 /* Products */ = {
			isa = PBXGroup;
			children = (
				527997EE1B7D899600A264B8 /* LessonUI-02-UITextFildAndUIButton.app */,
				527998011B7D899600A264B8 /* LessonUI-02-UITextFildAndUIButtonTests.xctest */,
			);
			name = Products;
			sourceTree = "<group>";
		};
		527997F01B7D899600A264B8 /* LessonUI-02-UITextFildAndUIButton */ = {
			isa = PBXGroup;
			children = (
				527997F51B7D899600A264B8 /* AppDelegate.h */,
				527997F61B7D899600A264B8 /* AppDelegate.m */,
				527997F81B7D899600A264B8 /* Images.xcassets */,
				527997FA1B7D899600A264B8 /* LaunchScreen.xib */,
				527997F11B7D899600A264B8 /* Supporting Files */,
			);
			path = "LessonUI-02-UITextFildAndUIButton";
			sourceTree = "<group>";
		};
		527997F11B7D899600A264B8 /* Supporting Files */ = {
			isa = PBXGroup;
			children = (
				527997F21B7D899600A264B8 /* Info.plist */,
				527997F31B7D899600A264B8 /* main.m */,
			);
			name = "Supporting Files";
			sourceTree = "<group>";
		};
		527998041B7D899600A264B8 /* LessonUI-02-UITextFildAndUIButtonTests */ = {
			isa = PBXGroup;
			children = (
				527998071B7D899600A264B8 /* LessonUI_02_UITextFildAndUIButtonTests.m */,
				527998051B7D899600A264B8 /* Supporting Files */,
			);
			path = "LessonUI-02-UITextFildAndUIButtonTests";
			sourceTree = "<group>";
		};
		527998051B7D899600A264B8 /* Supporting Files */ = {
			isa = PBXGroup;
			children = (
				527998061B7D899600A264B8 /* Info.plist */,
			);
			name = "Supporting Files";
			sourceTree = "<group>";
		};
/* End PBXGroup section */

/* Begin PBXNativeTarget section */
		527997ED1B7D899600A264B8 /* LessonUI-02-UITextFildAndUIButton */ = {
			isa = PBXNativeTarget;
			buildConfigurationList = 5279980B1B7D899600A264B8 /* Build configuration list for PBXNativeTarget "LessonUI-02-UITextFildAndUIButton" */;
			buildPhases = (
				527997EA1B7D899600A264B8 /* Sources */,
				527997EB1B7D899600A264B8 /* Frameworks */,
				527997EC1B7D899600A264B8 /* Resources */,
			);
			buildRules = (
			);
			dependencies = (
			);
			name = "LessonUI-02-UITextFildAndUIButton";
			productName = "LessonUI-02-UITextFildAndUIButton";
			productReference = 527997EE1B7D899600A264B8 /* LessonUI-02-UITextFildAndUIButton.app */;
			productType = "com.apple.product-type.application";
		};
		527998001B7D899600A264B8 /* LessonUI-02-UITextFildAndUIButtonTests */ = {
			isa = PBXNativeTarget;
			buildConfigurationList = 5279980E1B7D899600A264B8 /* Build configuration list for PBXNativeTarget "LessonUI-02-UITextFildAndUIButtonTests" */;
			buildPhases = (
				527997FD1B7D899600A264B8 /* Sources */,
				527997FE1B7D899600A264B8 /* Frameworks */,
				527997FF1B7D899600A264B8 /* Resources */,
			);
			buildRules = (
			);
			dependencies = (
				527998031B7D899600A264B8 /* PBXTargetDependency */,
			);
			name = "LessonUI-02-UITextFildAndUIButtonTests";
			productName = "LessonUI-02-UITextFildAndUIButtonTests";
			productReference = 527998011B7D899600A264B8 /* LessonUI-02-UITextFildAndUIButtonTests.xctest */;
			productType = "com.apple.product-type.bundle.unit-test";
		};
/* End PBXNativeTarget section */

/* Begin PBXProject section */
		527997E61B7D899600A264B8 /* Project object */ = {
			isa = PBXProject;
			attributes = {
				LastUpgradeCheck = 0640;
				ORGANIZATIONNAME = Lafree;
				TargetAttributes = {
					527997ED1B7D899600A264B8 = {
						CreatedOnToolsVersion = 6.4;
					};
					527998001B7D899600A264B8 = {
						CreatedOnToolsVersion = 6.4;
						TestTargetID = 527997ED1B7D899600A264B8;
					};
				};
			};
			buildConfigurationList = 527997E91B7D899600A264B8 /* Build configuration list for PBXProject "LessonUI-02-UITextFildAndUIButton" */;
			compatibilityVersion = "Xcode 3.2";
			developmentRegion = English;
			hasScannedForEncodings = 0;
			knownRegions = (
				en,
				Base,
			);
			mainGroup = 527997E51B7D899600A264B8;
			productRefGroup = 527997EF1B7D899600A264B8 /* Products */;
			projectDirPath = "";
			projectRoot = "";
			targets = (
				527997ED1B7D899600A264B8 /* LessonUI-02-UITextFildAndUIButton */,
				527998001B7D899600A264B8 /* LessonUI-02-UITextFildAndUIButtonTests */,
			);
		};
/* End PBXProject section */

/* Begin PBXResourcesBuildPhase section */
		527997EC1B7D899600A264B8 /* Resources */ = {
			isa = PBXResourcesBuildPhase;
			buildActionMask = 2147483647;
			files = (
				527997FC1B7D899600A264B8 /* LaunchScreen.xib in Resources */,
				527997F91B7D899600A264B8 /* Images.xcassets in Resources */,
			);
			runOnlyForDeploymentPostprocessing = 0;
		};
		527997FF1B7D899600A264B8 /* Resources */ = {
			isa = PBXResourcesBuildPhase;
			buildActionMask = 2147483647;
			files = (
			);
			runOnlyForDeploymentPostprocessing = 0;
		};
/* End PBXResourcesBuildPhase section */

/* Begin PBXSourcesBuildPhase section */
		527997EA1B7D899600A264B8 /* Sources */ = {
			isa = PBXSourcesBuildPhase;
			buildActionMask = 2147483647;
			files = (
				527997F71B7D899600A264B8 /* AppDelegate.m in Sources */,
				527997F41B7D899600A264B8 /* main.m in Sources */,
			);
			runOnlyForDeploymentPostprocessing = 0;
		};
		527997FD1B7D899600A264B8 /* Sources */ = {
			isa = PBXSourcesBuildPhase;
			buildActionMask = 2147483647;
			files = (
				527998081B7D899600A264B8 /* LessonUI_02_UITextFildAndUIButtonTests.m in Sources */,
			);
			runOnlyForDeploymentPostprocessing = 0;
		};
/* End PBXSourcesBuildPhase section */

/* Begin PBXTargetDependency section */
		527998031B7D899600A264B8 /* PBXTargetDependency */ = {
			isa = PBXTargetDependency;
			target = 527997ED1B7D899600A264B8 /* LessonUI-02-UITextFildAndUIButton */;
			targetProxy = 527998021B7D899600A264B8 /* PBXContainerItemProxy */;
		};
/* End PBXTargetDependency section */

/* Begin PBXVariantGroup section */
		527997FA1B7D899600A264B8 /* LaunchScreen.xib */ = {
			isa = PBXVariantGroup;
			children = (
				527997FB1B7D899600A264B8 /* Base */,
			);
			name = LaunchScreen.xib;
			sourceTree = "<group>";
		};
/* End PBXVariantGroup section */

/* Begin XCBuildConfiguration section */
		527998091B7D899600A264B8 /* Debug */ = {
			isa = XCBuildConfiguration;
			buildSettings = {
				ALWAYS_SEARCH_USER_PATHS = NO;
				CLANG_CXX_LANGUAGE_STANDARD = "gnu++0x";
				CLANG_CXX_LIBRARY = "libc++";
				CLANG_ENABLE_MODULES = YES;
				CLANG_ENABLE_OBJC_ARC = YES;
				CLANG_WARN_BOOL_CONVERSION = YES;
				CLANG_WARN_CONSTANT_CONVERSION = YES;
				CLANG_WARN_DIRECT_OBJC_ISA_USAGE = YES_ERROR;
				CLANG_WARN_EMPTY_BODY = YES;
				CLANG_WARN_ENUM_CONVERSION = YES;
				CLANG_WARN_INT_CONVERSION = YES;
				CLANG_WARN_OBJC_ROOT_CLASS = YES_ERROR;
				CLANG_WARN_UNREACHABLE_CODE = YES;
				CLANG_WARN__DUPLICATE_METHOD_MATCH = YES;
				"CODE_SIGN_IDENTITY[sdk=iphoneos*]" = "iPhone Developer";
				COPY_PHASE_STRIP = NO;
				DEBUG_INFORMATION_FORMAT = "dwarf-with-dsym";
				ENABLE_STRICT_OBJC_MSGSEND = YES;
				GCC_C_LANGUAGE_STANDARD = gnu99;
				GCC_DYNAMIC_NO_PIC = NO;
				GCC_NO_COMMON_BLOCKS = YES;
				GCC_OPTIMIZATION_LEVEL = 0;
				GCC_PREPROCESSOR_DEFINITIONS = (
					"DEBUG=1",
					"$(inherited)",
				);
				GCC_SYMBOLS_PRIVATE_EXTERN = NO;
				GCC_WARN_64_TO_32_BIT_CONVERSION = YES;
				GCC_WARN_ABOUT_RETURN_TYPE = YES_ERROR;
				GCC_WARN_UNDECLARED_SELECTOR = YES;
				GCC_WARN_UNINITIALIZED_AUTOS = YES_AGGRESSIVE;
				GCC_WARN_UNUSED_FUNCTION = YES;
				GCC_WARN_UNUSED_VARIABLE = YES;
				IPHONEOS_DEPLOYMENT_TARGET = 8.4;
				MTL_ENABLE_DEBUG_INFO = YES;
				ONLY_ACTIVE_ARCH = YES;
				SDKROOT = iphoneos;
			};
			name = Debug;
		};
		5279980A1B7D899600A264B8 /* Release */ = {
			isa = XCBuildConfiguration;
			buildSettings = {
				ALWAYS_SEARCH_USER_PATHS = NO;
				CLANG_CXX_LANGUAGE_STANDARD = "gnu++0x";
				CLANG_CXX_LIBRARY = "libc++";
				CLANG_ENABLE_MODULES = YES;
				CLANG_ENABLE_OBJC_ARC = YES;
				CLANG_WARN_BOOL_CONVERSION = YES;
				CLANG_WARN_CONSTANT_CONVERSION = YES;
				CLANG_WARN_DIRECT_OBJC_ISA_USAGE = YES_ERROR;
				CLANG_WARN_EMPTY_BODY = YES;
				CLANG_WARN_ENUM_CONVERSION = YES;
				CLANG_WARN_INT_CONVERSION = YES;
				CLANG_WARN_OBJC_ROOT_CLASS = YES_ERROR;
				CLANG_WARN_UNREACHABLE_CODE = YES;
				CLANG_WARN__DUPLICATE_METHOD_MATCH = YES;
				"CODE_SIGN_IDENTITY[sdk=iphoneos*]" = "iPhone Developer";
				COPY_PHASE_STRIP = NO;
				DEBUG_INFORMATION_FORMAT = "dwarf-with-dsym";
				ENABLE_NS_ASSERTIONS = NO;
				ENABLE_STRICT_OBJC_MSGSEND = YES;
				GCC_C_LANGUAGE_STANDARD = gnu99;
				GCC_NO_COMMON_BLOCKS = YES;
				GCC_WARN_64_TO_32_BIT_CONVERSION = YES;
				GCC_WARN_ABOUT_RETURN_TYPE = YES_ERROR;
				GCC_WARN_UNDECLARED_SELECTOR = YES;
				GCC_WARN_UNINITIALIZED_AUTOS = YES_AGGRESSIVE;
				GCC_WARN_UNUSED_FUNCTION = YES;
				GCC_WARN_UNUSED_VARIABLE = YES;
				IPHONEOS_DEPLOYMENT_TARGET = 8.4;
				MTL_ENABLE_DEBUG_INFO = NO;
				SDKROOT = iphoneos;
				VALIDATE_PRODUCT = YES;
			};
			name = Release;
		};
		5279980C1B7D899600A264B8 /* Debug */ = {
			isa = XCBuildConfiguration;
			buildSettings = {
				ASSETCATALOG_COMPILER_APPICON_NAME = AppIcon;
				CLANG_ENABLE_OBJC_ARC = NO;
				INFOPLIST_FILE = "LessonUI-02-UITextFildAndUIButton/Info.plist";
				LD_RUNPATH_SEARCH_PATHS = "$(inherited) @executable_path/Frameworks";
				PRODUCT_NAME = "$(TARGET_NAME)";
			};
			name = Debug;
		};
		5279980D1B7D899600A264B8 /* Release */ = {
			isa = XCBuildConfiguration;
			buildSettings = {
				ASSETCATALOG_COMPILER_APPICON_NAME = AppIcon;
				CLANG_ENABLE_OBJC_ARC = NO;
				INFOPLIST_FILE = "LessonUI-02-UITextFildAndUIButton/Info.plist";
				LD_RUNPATH_SEARCH_PATHS = "$(inherited) @executable_path/Frameworks";
				PRODUCT_NAME = "$(TARGET_NAME)";
			};
			name = Release;
		};
		5279980F1B7D899600A264B8 /* Debug */ = {
			isa = XCBuildConfiguration;
			buildSettings = {
				BUNDLE_LOADER = "$(TEST_HOST)";
				FRAMEWORK_SEARCH_PATHS = (
					"$(SDKROOT)/Developer/Library/Frameworks",
					"$(inherited)",
				);
				GCC_PREPROCESSOR_DEFINITIONS = (
					"DEBUG=1",
					"$(inherited)",
				);
				INFOPLIST_FILE = "LessonUI-02-UITextFildAndUIButtonTests/Info.plist";
				LD_RUNPATH_SEARCH_PATHS = "$(inherited) @executable_path/Frameworks @loader_path/Frameworks";
				PRODUCT_NAME = "$(TARGET_NAME)";
				TEST_HOST = "$(BUILT_PRODUCTS_DIR)/LessonUI-02-UITextFildAndUIButton.app/LessonUI-02-UITextFildAndUIButton";
			};
			name = Debug;
		};
		527998101B7D899600A264B8 /* Release */ = {
			isa = XCBuildConfiguration;
			buildSettings = {
				BUNDLE_LOADER = "$(TEST_HOST)";
				FRAMEWORK_SEARCH_PATHS = (
					"$(SDKROOT)/Developer/Library/Frameworks",
					"$(inherited)",
				);
				INFOPLIST_FILE = "LessonUI-02-UITextFildAndUIButtonTests/Info.plist";
				LD_RUNPATH_SEARCH_PATHS = "$(inherited) @executable_path/Frameworks @loader_path/Frameworks";
				PRODUCT_NAME = "$(TARGET_NAME)";
				TEST_HOST = "$(BUILT_PRODUCTS_DIR)/LessonUI-02-UITextFildAndUIButton.app/LessonUI-02-UITextFildAndUIButton";
			};
			name = Release;
		};
/* End XCBuildConfiguration section */

/* Begin XCConfigurationList section */
		527997E91B7D899600A264B8 /* Build configuration list for PBXProject "LessonUI-02-UITextFildAndUIButton" */ = {
			isa = XCConfigurationList;
			buildConfigurations = (
				527998091B7D899600A264B8 /* Debug */,
				5279980A1B7D899600A264B8 /* Release */,
			);
			defaultConfigurationIsVisible = 0;
			defaultConfigurationName = Release;
		};
		5279980B1B7D899600A264B8 /* Build configuration list for PBXNativeTarget "LessonUI-02-UITextFildAndUIButton" */ = {
			isa = XCConfigurationList;
			buildConfigurations = (
				5279980C1B7D899600A264B8 /* Debug */,
				5279980D1B7D899600A264B8 /* Release */,
			);
			defaultConfigurationIsVisible = 0;
			defaultConfigurationName = Release;
		};
		5279980E1B7D899600A264B8 /* Build configuration list for PBXNativeTarget "LessonUI-02-UITextFildAndUIButtonTests" */ = {
			isa = XCConfigurationList;
			buildConfigurations = (
				5279980F1B7D899600A264B8 /* Debug */,
				527998101B7D899600A264B8 /* Release */,
			);
			defaultConfigurationIsVisible = 0;
			defaultConfigurationName = Release;
		};
/* End XCConfigurationList section */
	};
	rootObject = 527997E61B7D899600A264B8 /* Project object */;
}
